
Microsoft Visual Studio Solution File, Format Version 12.00
# Visual Studio Version 16
VisualStudioVersion = 16.0.30907.101
MinimumVisualStudioVersion = 10.0.40219.1
Project("{FAE04EC0-301F-11D3-BF4B-00C04F79EFBC}") = "Sender", "Sender\Sender.csproj", "{F14886C8-72CD-4EF9-A5A9-4FEDC2EEC8D4}"
EndProject
Project("{FAE04EC0-301F-11D3-BF4B-00C04F79EFBC}") = "Receiver", "Receiver\Receiver.csproj", "{1CD1B022-576D-4857-9F53-B5D0613074B5}"
EndProject
Global
	GlobalSection(SolutionConfigurationPlatforms) = preSolution
		Debug|Any CPU = Debug|Any CPU
		Release|Any CPU = Release|Any CPU
	EndGlobalSection
	GlobalSection(ProjectConfigurationPlatforms) = postSolution
		{F14886C8-72CD-4EF9-A5A9-4FEDC2EEC8D4}.Debug|Any CPU.ActiveCfg = Debug|Any CPU
		{F14886C8-72CD-4EF9-A5A9-4FEDC2EEC8D4}.Debug|Any CPU.Build.0 = Debug|Any CPU
		{F14886C8-72CD-4EF9-A5A9-4FEDC2EEC8D4}.Release|Any CPU.ActiveCfg = Release|Any CPU
		{F14886C8-72CD-4EF9-A5A9-4FEDC2EEC8D4}.Release|Any CPU.Build.0 = Release|Any CPU
		{1CD1B022-576D-4857-9F53-B5D0613074B5}.Debug|Any CPU.ActiveCfg = Debug|Any CPU
		{1CD1B022-576D-4857-9F53-B5D0613074B5}.Debug|Any CPU.Build.0 = Debug|Any CPU
		{1CD1B022-576D-4857-9F53-B5D0613074B5}.Release|Any CPU.ActiveCfg = Release|Any CPU
		{1CD1B022-576D-4857-9F53-B5D0613074B5}.Release|Any CPU.Build.0 = Release|Any CPU
	EndGlobalSection
	GlobalSection(SolutionProperties) = preSolution
		HideSolutionNode = FALSE
	EndGlobalSection
	GlobalSection(ExtensibilityGlobals) = postSolution
		SolutionGuid = {DC4DB22E-96F7-4D7D-B6AE-38504BC9BE15}
	EndGlobalSection
EndGlobal
